<?xml version="1.0" encoding="utf-8"?>
<Project ToolsVersion="4.0" xmlns="http://schemas.microsoft.com/developer/msbuild/2003">
  <ItemGroup>
    <ClCompile Include="Application.cpp" />
    <ClCompile Include="Config.cpp" />
    <ClCompile Include="main.cpp" />
    <ClCompile Include="MyWindow.cpp" />
    <ClCompile Include="Matrix4.cpp">
      <Filter>Util</Filter>
    </ClCompile>
    <ClCompile Include="Util.cpp">
      <Filter>Util</Filter>
    </ClCompile>
    <ClCompile Include="Shader.cpp">
      <Filter>Graphics</Filter>
    </ClCompile>
    <ClCompile Include="ShaderProgram.cpp">
      <Filter>Graphics</Filter>
    </ClCompile>
    <ClCompile Include="VertexBinding.cpp">
      <Filter>Graphics</Filter>
    </ClCompile>
    <ClCompile Include="VertexBuffer.cpp">
      <Filter>Graphics</Filter>
    </ClCompile>
    <ClCompile Include="Uncopyable.cpp">
      <Filter>Util</Filter>
    </ClCompile>
    <ClCompile Include="Renderer.cpp">
      <Filter>Graphics</Filter>
    </ClCompile>
    <ClCompile Include="ShapeBatch.cpp" />
    <ClCompile Include="Color.cpp">
      <Filter>Util</Filter>
    </ClCompile>
    <ClCompile Include="Threading.cpp">
      <Filter>Util</Filter>
    </ClCompile>
    <ClCompile Include="PhysicsThreads.cpp" />
    <ClCompile Include="PhysicsObjects.cpp" />
    <ClCompile Include="World.cpp" />
    <ClCompile Include="Networking.cpp">
      <Filter>Networking</Filter>
    </ClCompile>
    <ClCompile Include="NetworkController.cpp" />
  </ItemGroup>
  <ItemGroup>
    <ClInclude Include="Application.h" />
    <ClInclude Include="Config.h" />
    <ClInclude Include="MyWindow.h" />
    <ClInclude Include="Maths.h">
      <Filter>Util</Filter>
    </ClInclude>
    <ClInclude Include="Matrix4.h">
      <Filter>Util</Filter>
    </ClInclude>
    <ClInclude Include="Util.h">
      <Filter>Util</Filter>
    </ClInclude>
    <ClInclude Include="VertexBuffer.h">
      <Filter>Graphics</Filter>
    </ClInclude>
    <ClInclude Include="Shader.h">
      <Filter>Graphics</Filter>
    </ClInclude>
    <ClInclude Include="ShaderProgram.h">
      <Filter>Graphics</Filter>
    </ClInclude>
    <ClInclude Include="VertexBinding.h">
      <Filter>Graphics</Filter>
    </ClInclude>
    <ClInclude Include="Renderer.h">
      <Filter>Graphics</Filter>
    </ClInclude>
    <ClInclude Include="ShapeBatch.h" />
    <ClInclude Include="Color.h">
      <Filter>Util</Filter>
    </ClInclude>
    <ClInclude Include="Threading.h">
      <Filter>Util</Filter>
    </ClInclude>
    <ClInclude Include="PhysicsThreads.h" />
    <ClInclude Include="PhysicsObjects.h" />
    <ClInclude Include="Vector.h">
      <Filter>Util</Filter>
    </ClInclude>
    <ClInclude Include="Vector2.inl">
      <Filter>Util</Filter>
    </ClInclude>
    <ClInclude Include="Vector3.inl">
      <Filter>Util</Filter>
    </ClInclude>
    <ClInclude Include="Vector4.inl">
      <Filter>Util</Filter>
    </ClInclude>
    <ClInclude Include="World.h" />
    <ClInclude Include="Networking.h">
      <Filter>Networking</Filter>
    </ClInclude>
    <ClInclude Include="NetworkController.h" />
    <ClInclude Include="Uncopyable.h">
      <Filter>Util</Filter>
    </ClInclude>
  </ItemGroup>
  <ItemGroup>
    <Filter Include="Graphics">
      <UniqueIdentifier>{7c68cdee-c681-420d-aac0-62e715ba3571}</UniqueIdentifier>
    </Filter>
    <Filter Include="Util">
      <UniqueIdentifier>{819184a3-5c62-4fa2-867a-89ea0ee49277}</UniqueIdentifier>
    </Filter>
    <Filter Include="Shaders">
      <UniqueIdentifier>{eb5bde32-9600-4d01-9ee0-4d366ec83076}</UniqueIdentifier>
    </Filter>
    <Filter Include="Networking">
      <UniqueIdentifier>{e9421ce5-25b1-4245-8e48-0db6f86e5543}</UniqueIdentifier>
    </Filter>
  </ItemGroup>
  <ItemGroup>
    <None Include="..\build\data\quadBatch.vert">
      <Filter>Shaders</Filter>
    </None>
    <None Include="..\build\data\triangleBatch.geom">
      <Filter>Shaders</Filter>
    </None>
    <None Include="..\build\data\triangleBatch.vert">
      <Filter>Shaders</Filter>
    </None>
    <None Include="..\build\data\vertexColor.frag">
      <Filter>Shaders</Filter>
    </None>
    <None Include="..\build\data\lineBatch.geom">
      <Filter>Shaders</Filter>
    </None>
    <None Include="..\build\data\lineBatch.vert">
      <Filter>Shaders</Filter>
    </None>
    <None Include="Message.inl">
      <Filter>Networking</Filter>
    </None>
  </ItemGroup>
</Project>